DEPENDENCIES
  Berkshelf
    path: .
    metadata: true
  apt
    git: https://github.com/opscode-cookbooks/apt.git
    revision: bf1cdce1f8ae60a516c532146414b9f8b455bdd0
    ref: bf1cdce
  chef-sample-cookbook
    git: https://github.com/ryemyster/chef-sample-cookbook
    revision: 0149d9a1d045250e587b0eb7dc3c85a1c6656ad9
    ref: 0149d9a
  cookbooks-vagrant-ohai
    git: https://github.com/tknerr/cookbooks-vagrant-ohai.git
    revision: f977912917bd9e41eac88d259765afbc74b853ff
    ref: master
  java
    git: https://github.com/agileorbit-cookbooks/java.git
    revision: afc1302fc34413752f0e46f576feedea23e54b17
    ref: afc1302
  newrelic
    git: https://github.com/escapestudios-cookbooks/newrelic.git
    revision: e41f5bc8435228c0dc179abc2b91cd554d1cb328
    ref: master
  ntp (~> 3.3.1)
  omnibus_updater (~> 1.0.6)
  openssh (~> 1.5.2)
  rvm (~> 0.9.4)
  ssh_known_hosts (~> 2.0.0)
  system
    git: https://github.com/xhost-cookbooks/system.git
    revision: d6457191bb75d4619f822896eaf235c35d725306
    ref: v0.11.3
  user (~> 0.4.2)
  vagrant
    git: https://github.com/jtimberman/vagrant-cookbook.git
    revision: 5c7d124e05d5882e859455d95df54336009338a8
    ref: v0.7.1

GRAPH
  Berkshelf (0.0.0)
  apt (2.8.2)
  chef-sample-cookbook (0.1.0)
  chef_gem (0.1.0)
  cookbooks-vagrant-ohai (1.0.1)
  cron (1.7.6)
  curl (2.0.3)
  dmg (4.0.0)
  homebrew (4.2.0)
  hostsfile (2.4.5)
  iptables (4.2.0)
  java (1.50.0)
    apt (>= 0.0.0)
    homebrew (>= 0.0.0)
    windows (>= 0.0.0)
  newrelic (2.29.0)
    apt (>= 0.0.0)
    curl (>= 0.0.0)
    poise-python (>= 0.0.0)
    yum (>= 0.0.0)
  ntp (3.3.1)
  ohai (5.1.0)
  omnibus_updater (1.0.6)
  openssh (1.5.2)
    iptables (>= 0.0.0)
  partial_search (1.0.9)
  poise (2.8.1)
  poise-archive (1.5.0)
    poise (~> 2.6)
  poise-languages (2.1.1)
    poise (~> 2.5)
    poise-archive (~> 1.0)
  poise-python (1.6.0)
    poise (~> 2.7)
    poise-languages (~> 2.0)
  rvm (0.9.4)
    chef_gem (>= 0.0.0)
    java (>= 0.0.0)
  ssh_known_hosts (2.0.0)
    partial_search (>= 0.0.0)
  system (0.11.3)
    apt (>= 0.0.0)
    cron (~> 1.7)
    hostsfile (>= 0.0.0)
  user (0.4.2)
  vagrant (0.7.1)
    dmg (>= 2.2.2)
    windows (>= 1.38.0)
  windows (3.1.1)
    ohai (>= 4.0.0)
  yum (5.0.1)
